
Microsoft Visual Studio Solution File, Format Version 12.00
# Visual Studio 15
VisualStudioVersion = 15.0.28307.572
MinimumVisualStudioVersion = 10.0.40219.1
Project("{FAE04EC0-301F-11D3-BF4B-00C04F79EFBC}") = "ExamApp", "ExamApp\ExamApp.csproj", "{ECB51168-E941-45EE-B1BB-28B3F71A8F93}"
EndProject
Project("{FAE04EC0-301F-11D3-BF4B-00C04F79EFBC}") = "ExamApp.Models", "ExamApp.Model\ExamApp.Models.csproj", "{6A81C7BB-E20D-44EA-92A5-C119093F07A3}"
EndProject
Project("{FAE04EC0-301F-11D3-BF4B-00C04F79EFBC}") = "ExamApp.Enums", "ExamApp.Enums\ExamApp.Enums.csproj", "{45A83F86-2A21-410E-9844-CEB5E08688CB}"
EndProject
Project("{FAE04EC0-301F-11D3-BF4B-00C04F79EFBC}") = "ExamApp.DTO", "ExamApp.DTO\ExamApp.DTO.csproj", "{CE9D8ECB-C8F1-4FD6-904F-076E86CF6398}"
EndProject
Project("{FAE04EC0-301F-11D3-BF4B-00C04F79EFBC}") = "ExamApp.Mappings", "ExamApp.Mappings\ExamApp.Mappings.csproj", "{7CF87BF6-7E3A-47D2-8163-39A9F08877AE}"
EndProject
Global
	GlobalSection(SolutionConfigurationPlatforms) = preSolution
		Debug|Any CPU = Debug|Any CPU
		Release|Any CPU = Release|Any CPU
	EndGlobalSection
	GlobalSection(ProjectConfigurationPlatforms) = postSolution
		{ECB51168-E941-45EE-B1BB-28B3F71A8F93}.Debug|Any CPU.ActiveCfg = Debug|Any CPU
		{ECB51168-E941-45EE-B1BB-28B3F71A8F93}.Debug|Any CPU.Build.0 = Debug|Any CPU
		{ECB51168-E941-45EE-B1BB-28B3F71A8F93}.Release|Any CPU.ActiveCfg = Release|Any CPU
		{ECB51168-E941-45EE-B1BB-28B3F71A8F93}.Release|Any CPU.Build.0 = Release|Any CPU
		{6A81C7BB-E20D-44EA-92A5-C119093F07A3}.Debug|Any CPU.ActiveCfg = Debug|Any CPU
		{6A81C7BB-E20D-44EA-92A5-C119093F07A3}.Debug|Any CPU.Build.0 = Debug|Any CPU
		{6A81C7BB-E20D-44EA-92A5-C119093F07A3}.Release|Any CPU.ActiveCfg = Release|Any CPU
		{6A81C7BB-E20D-44EA-92A5-C119093F07A3}.Release|Any CPU.Build.0 = Release|Any CPU
		{45A83F86-2A21-410E-9844-CEB5E08688CB}.Debug|Any CPU.ActiveCfg = Debug|Any CPU
		{45A83F86-2A21-410E-9844-CEB5E08688CB}.Debug|Any CPU.Build.0 = Debug|Any CPU
		{45A83F86-2A21-410E-9844-CEB5E08688CB}.Release|Any CPU.ActiveCfg = Release|Any CPU
		{45A83F86-2A21-410E-9844-CEB5E08688CB}.Release|Any CPU.Build.0 = Release|Any CPU
		{CE9D8ECB-C8F1-4FD6-904F-076E86CF6398}.Debug|Any CPU.ActiveCfg = Debug|Any CPU
		{CE9D8ECB-C8F1-4FD6-904F-076E86CF6398}.Debug|Any CPU.Build.0 = Debug|Any CPU
		{CE9D8ECB-C8F1-4FD6-904F-076E86CF6398}.Release|Any CPU.ActiveCfg = Release|Any CPU
		{CE9D8ECB-C8F1-4FD6-904F-076E86CF6398}.Release|Any CPU.Build.0 = Release|Any CPU
		{7CF87BF6-7E3A-47D2-8163-39A9F08877AE}.Debug|Any CPU.ActiveCfg = Debug|Any CPU
		{7CF87BF6-7E3A-47D2-8163-39A9F08877AE}.Debug|Any CPU.Build.0 = Debug|Any CPU
		{7CF87BF6-7E3A-47D2-8163-39A9F08877AE}.Release|Any CPU.ActiveCfg = Release|Any CPU
		{7CF87BF6-7E3A-47D2-8163-39A9F08877AE}.Release|Any CPU.Build.0 = Release|Any CPU
	EndGlobalSection
	GlobalSection(SolutionProperties) = preSolution
		HideSolutionNode = FALSE
	EndGlobalSection
	GlobalSection(ExtensibilityGlobals) = postSolution
		SolutionGuid = {D41B9AFD-13E3-4253-91E7-BD3558075E1A}
	EndGlobalSection
EndGlobal
